{
  "originHash" : "7b76f63dda02c12ede173c380829e339275a3c1bf9a726d1c79498017e3dc505",
  "pins" : [
    {
      "identity" : "hinzberg-foundation",
      "kind" : "remoteSourceControl",
      "location" : "https://github.com/hinzberg/Hinzberg-Foundation",
      "state" : {
        "branch" : "main",
        "revision" : "0bc846669ee3201c159cf7a464795743a3711f95"
      }
    },
    {
      "identity" : "hinzberg-swiftui",
      "kind" : "remoteSourceControl",
      "location" : "https://github.com/hinzberg/Hinzberg-SwiftUI",
      "state" : {
        "branch" : "main",
        "revision" : "c95d6e1563de545afdb0f15d32ab1920af58469a"
      }
    }
  ],
  "version" : 3
}
