{
  "pins" : [
    {
      "identity" : "hinzberg-foundation",
      "kind" : "remoteSourceControl",
      "location" : "https://github.com/hinzberg/Hinzberg-Foundation",
      "state" : {
        "branch" : "main",
        "revision" : "16cc3d9246adb1b52f351d68a6b9692a9006c908"
      }
    },
    {
      "identity" : "hinzberg-swiftui",
      "kind" : "remoteSourceControl",
      "location" : "https://github.com/hinzberg/Hinzberg-SwiftUI",
      "state" : {
        "branch" : "main",
        "revision" : "c95d6e1563de545afdb0f15d32ab1920af58469a"
      }
    }
  ],
  "version" : 2
}
